
Microsoft Visual Studio Solution File, Format Version 12.00
# Visual Studio Version 17
VisualStudioVersion = 17.3.32825.248
MinimumVisualStudioVersion = 10.0.40219.1
Project("{9A19103F-16F7-4668-BE54-9A1E7A4F7556}") = "DAL", "DAL\DAL.csproj", "{B2968FAC-CF77-4BCB-B33A-343ECB6466AD}"
EndProject
Project("{9A19103F-16F7-4668-BE54-9A1E7A4F7556}") = "BLL", "BLL\BLL.csproj", "{02E063F2-2BD0-4C5F-AF6D-837AE0E89AB4}"
EndProject
Project("{9A19103F-16F7-4668-BE54-9A1E7A4F7556}") = "WebAPI", "WebAPI\WebAPI.csproj", "{B546E3B0-F954-4882-9FAC-246028639B78}"
EndProject
Project("{2150E333-8FDC-42A3-9474-1A3956D46DE8}") = "Tests", "Tests", "{3ED41567-33AD-4744-8BCF-F5663092EF51}"
EndProject
Project("{9A19103F-16F7-4668-BE54-9A1E7A4F7556}") = "BLL.Tests", "BLL.Tests\BLL.Tests.csproj", "{F2A4DBBD-0FB2-4BBA-BA3D-4B015E42517F}"
EndProject
Global
	GlobalSection(SolutionConfigurationPlatforms) = preSolution
		Debug|Any CPU = Debug|Any CPU
		Release|Any CPU = Release|Any CPU
	EndGlobalSection
	GlobalSection(ProjectConfigurationPlatforms) = postSolution
		{B2968FAC-CF77-4BCB-B33A-343ECB6466AD}.Debug|Any CPU.ActiveCfg = Debug|Any CPU
		{B2968FAC-CF77-4BCB-B33A-343ECB6466AD}.Debug|Any CPU.Build.0 = Debug|Any CPU
		{B2968FAC-CF77-4BCB-B33A-343ECB6466AD}.Release|Any CPU.ActiveCfg = Release|Any CPU
		{B2968FAC-CF77-4BCB-B33A-343ECB6466AD}.Release|Any CPU.Build.0 = Release|Any CPU
		{02E063F2-2BD0-4C5F-AF6D-837AE0E89AB4}.Debug|Any CPU.ActiveCfg = Debug|Any CPU
		{02E063F2-2BD0-4C5F-AF6D-837AE0E89AB4}.Debug|Any CPU.Build.0 = Debug|Any CPU
		{02E063F2-2BD0-4C5F-AF6D-837AE0E89AB4}.Release|Any CPU.ActiveCfg = Release|Any CPU
		{02E063F2-2BD0-4C5F-AF6D-837AE0E89AB4}.Release|Any CPU.Build.0 = Release|Any CPU
		{B546E3B0-F954-4882-9FAC-246028639B78}.Debug|Any CPU.ActiveCfg = Debug|Any CPU
		{B546E3B0-F954-4882-9FAC-246028639B78}.Debug|Any CPU.Build.0 = Debug|Any CPU
		{B546E3B0-F954-4882-9FAC-246028639B78}.Release|Any CPU.ActiveCfg = Release|Any CPU
		{B546E3B0-F954-4882-9FAC-246028639B78}.Release|Any CPU.Build.0 = Release|Any CPU
		{F2A4DBBD-0FB2-4BBA-BA3D-4B015E42517F}.Debug|Any CPU.ActiveCfg = Debug|Any CPU
		{F2A4DBBD-0FB2-4BBA-BA3D-4B015E42517F}.Debug|Any CPU.Build.0 = Debug|Any CPU
		{F2A4DBBD-0FB2-4BBA-BA3D-4B015E42517F}.Release|Any CPU.ActiveCfg = Release|Any CPU
		{F2A4DBBD-0FB2-4BBA-BA3D-4B015E42517F}.Release|Any CPU.Build.0 = Release|Any CPU
	EndGlobalSection
	GlobalSection(SolutionProperties) = preSolution
		HideSolutionNode = FALSE
	EndGlobalSection
	GlobalSection(NestedProjects) = preSolution
		{F2A4DBBD-0FB2-4BBA-BA3D-4B015E42517F} = {3ED41567-33AD-4744-8BCF-F5663092EF51}
	EndGlobalSection
	GlobalSection(ExtensibilityGlobals) = postSolution
		SolutionGuid = {9D59071D-62F3-4F37-9B38-8ED23A25B371}
	EndGlobalSection
EndGlobal
